
Microsoft Visual Studio Solution File, Format Version 12.00
# Visual Studio Version 17
VisualStudioVersion = 17.11.35303.130
MinimumVisualStudioVersion = 10.0.40219.1
Project("{2150E333-8FDC-42A3-9474-1A3956D46DE8}") = "Task0", "Task0", "{7FDBB2F1-329A-4A6B-89FF-BEACF30EE43F}"
EndProject
Project("{2150E333-8FDC-42A3-9474-1A3956D46DE8}") = "Task1", "Task1", "{04689F24-1C88-4AF6-BE86-E9628722A059}"
EndProject
Project("{9A19103F-16F7-4668-BE54-9A1E7A4F7556}") = "Tyuiu.KulkoDA.Sprint3.Task0.V23", "Tyuiu.KulkoDA.Sprint3.Task0.V23\Tyuiu.KulkoDA.Sprint3.Task0.V23.csproj", "{362549A8-7FDD-4DD4-83AB-FE8D405FAED5}"
EndProject
Project("{9A19103F-16F7-4668-BE54-9A1E7A4F7556}") = "Tyuiu.KulkoDA.Sprint3.Task0.V23.Lib", "Tyuiu.KulkoDA.Sprint3.Task0.V23.Lib\Tyuiu.KulkoDA.Sprint3.Task0.V23.Lib.csproj", "{713BFE7D-9030-4282-A746-E144069EACC2}"
EndProject
Project("{9A19103F-16F7-4668-BE54-9A1E7A4F7556}") = "Tyuiu.KulkoDA.Sprint3.Task0.V23.Test", "Tyuiu.KulkoDA.Sprint3.Task0.V23.Test\Tyuiu.KulkoDA.Sprint3.Task0.V23.Test.csproj", "{257BF09B-4F4A-415E-8994-AAFFAC7A5CE0}"
EndProject
Project("{9A19103F-16F7-4668-BE54-9A1E7A4F7556}") = "Tyuiu.KulkoDA.Sprint3.Task1.V30", "Tyuiu.KulkoDA.Sprint3.Task1.V30\Tyuiu.KulkoDA.Sprint3.Task1.V30.csproj", "{97576E81-3A4C-4CFD-AE40-AD3D4A8AB224}"
EndProject
Project("{9A19103F-16F7-4668-BE54-9A1E7A4F7556}") = "Tyuiu.KulkoDA.Sprint3.Task1.V30.Lib", "Tyuiu.KulkoDA.Sprint3.Task1.V30.Lib\Tyuiu.KulkoDA.Sprint3.Task1.V30.Lib.csproj", "{26C6C1E5-56B3-4C24-B05B-2DB716055DC3}"
EndProject
Project("{9A19103F-16F7-4668-BE54-9A1E7A4F7556}") = "Tyuiu.KulkoDA.Sprint3.Task1.V30.Test", "Tyuiu.KulkoDA.Sprint3.Task1.V30.Test\Tyuiu.KulkoDA.Sprint3.Task1.V30.Test.csproj", "{0DCD7D86-6404-4D60-A131-732E1AD77ADA}"
EndProject
Project("{2150E333-8FDC-42A3-9474-1A3956D46DE8}") = "Task2", "Task2", "{52180D5F-0B54-4594-8849-8342EB22510C}"
EndProject
Project("{9A19103F-16F7-4668-BE54-9A1E7A4F7556}") = "Tyuiu.KulkoDA.Sprint3.Task2.V27", "Tyuiu.KulkoDA.Sprint3.Task2.V27\Tyuiu.KulkoDA.Sprint3.Task2.V27.csproj", "{CE09A651-E8B5-4D17-8A2B-59DDB0F09FE0}"
EndProject
Project("{9A19103F-16F7-4668-BE54-9A1E7A4F7556}") = "Tyuiu.KulkoDA.Sprint3.Task2.V27.Lib", "Tyuiu.KulkoDA.Sprint3.Task2.V27.Lib\Tyuiu.KulkoDA.Sprint3.Task2.V27.Lib.csproj", "{F8ECD5C1-47AA-4758-BE64-0F97432E0C00}"
EndProject
Project("{9A19103F-16F7-4668-BE54-9A1E7A4F7556}") = "Tyuiu.KulkoDA.Sprint3.Task2.V27.Test", "Tyuiu.KulkoDA.Sprint3.Task2.V27.Test\Tyuiu.KulkoDA.Sprint3.Task2.V27.Test.csproj", "{C16C3C7C-5EED-46C8-B6AA-F7AECD65A0E5}"
EndProject
Project("{2150E333-8FDC-42A3-9474-1A3956D46DE8}") = "Task3", "Task3", "{AE42EE90-C21B-4AD6-B7A0-CEB1B5D7AC28}"
EndProject
Project("{9A19103F-16F7-4668-BE54-9A1E7A4F7556}") = "Tyuiu.KulkoDA.Sprint3.Task3.V2", "Tyuiu.KulkoDA.Sprint3.Task3.V2\Tyuiu.KulkoDA.Sprint3.Task3.V2.csproj", "{3EF37D92-0EDF-43E3-8A6A-5009763FF4D9}"
EndProject
Project("{9A19103F-16F7-4668-BE54-9A1E7A4F7556}") = "Tyuiu.KulkoDA.Sprint3.Task3.V2.Lib", "Tyuiu.KulkoDA.Sprint3.Task3.V2.Lib\Tyuiu.KulkoDA.Sprint3.Task3.V2.Lib.csproj", "{0E0A0216-0692-413A-A7E5-37CC88DD569D}"
EndProject
Project("{9A19103F-16F7-4668-BE54-9A1E7A4F7556}") = "Tyuiu.KulkoDA.Sprint3.Task3.V2.Test", "Tyuiu.KulkoDA.Sprint3.Task3.V2.Test\Tyuiu.KulkoDA.Sprint3.Task3.V2.Test.csproj", "{09DA798E-BF40-4CFF-889C-6753A79B0EC0}"
EndProject
Project("{2150E333-8FDC-42A3-9474-1A3956D46DE8}") = "Task4", "Task4", "{DB159F57-DF08-46F7-8274-F2DBE4A77A77}"
EndProject
Project("{9A19103F-16F7-4668-BE54-9A1E7A4F7556}") = "Tyuiu.KulkoDA.Sprint3.Task4.V21", "Tyuiu.KulkoDA.Sprint3.Task4.V21\Tyuiu.KulkoDA.Sprint3.Task4.V21.csproj", "{C0C085DA-62A1-4A77-B129-389756F08A6D}"
EndProject
Project("{9A19103F-16F7-4668-BE54-9A1E7A4F7556}") = "Tyuiu.KulkoDA.Sprint3.Task4.V21.Lib", "Tyuiu.KulkoDA.Sprint3.Task4.V21.Lib\Tyuiu.KulkoDA.Sprint3.Task4.V21.Lib.csproj", "{33E8F4CD-E11B-481A-9338-21474E0425B9}"
EndProject
Project("{9A19103F-16F7-4668-BE54-9A1E7A4F7556}") = "Tyuiu.KulkoDA.Sprint3.Task4.V21.Test", "Tyuiu.KulkoDA.Sprint3.Task4.V21.Test\Tyuiu.KulkoDA.Sprint3.Task4.V21.Test.csproj", "{28649BAC-3262-42BD-A61D-566AD64E1125}"
EndProject
Project("{2150E333-8FDC-42A3-9474-1A3956D46DE8}") = "Task5", "Task5", "{B75036C8-B622-4AE3-85F5-657247A8AE13}"
EndProject
Project("{FAE04EC0-301F-11D3-BF4B-00C04F79EFBC}") = "Tyuiu.KulkoDA.Sprint3.Task5.V25", "Tyuiu.KulkoDA.Sprint3.Task5.V25\Tyuiu.KulkoDA.Sprint3.Task5.V25.csproj", "{FC80849F-A3A8-41E8-8AAD-387C3FA078E9}"
EndProject
Project("{FAE04EC0-301F-11D3-BF4B-00C04F79EFBC}") = "Tyuiu.KulkoDA.Sprint3.Task5.V25.Lib", "Tyuiu.KulkoDA.Sprint3.Task5.V25.Lib\Tyuiu.KulkoDA.Sprint3.Task5.V25.Lib.csproj", "{E78C1C25-D280-4D1F-A74B-7E820B346112}"
EndProject
Project("{FAE04EC0-301F-11D3-BF4B-00C04F79EFBC}") = "Tyuiu.KulkoDA.Sprint3.Task5.V25.Test", "Tyuiu.KulkoDA.Sprint3.Task5.V25.Test\Tyuiu.KulkoDA.Sprint3.Task5.V25.Test.csproj", "{4285B9DC-1D4C-4E8B-8A5B-DD55837F2B95}"
EndProject
Global
	GlobalSection(SolutionConfigurationPlatforms) = preSolution
		Debug|Any CPU = Debug|Any CPU
		Release|Any CPU = Release|Any CPU
	EndGlobalSection
	GlobalSection(ProjectConfigurationPlatforms) = postSolution
		{362549A8-7FDD-4DD4-83AB-FE8D405FAED5}.Debug|Any CPU.ActiveCfg = Debug|Any CPU
		{362549A8-7FDD-4DD4-83AB-FE8D405FAED5}.Debug|Any CPU.Build.0 = Debug|Any CPU
		{362549A8-7FDD-4DD4-83AB-FE8D405FAED5}.Release|Any CPU.ActiveCfg = Release|Any CPU
		{362549A8-7FDD-4DD4-83AB-FE8D405FAED5}.Release|Any CPU.Build.0 = Release|Any CPU
		{713BFE7D-9030-4282-A746-E144069EACC2}.Debug|Any CPU.ActiveCfg = Debug|Any CPU
		{713BFE7D-9030-4282-A746-E144069EACC2}.Debug|Any CPU.Build.0 = Debug|Any CPU
		{713BFE7D-9030-4282-A746-E144069EACC2}.Release|Any CPU.ActiveCfg = Release|Any CPU
		{713BFE7D-9030-4282-A746-E144069EACC2}.Release|Any CPU.Build.0 = Release|Any CPU
		{257BF09B-4F4A-415E-8994-AAFFAC7A5CE0}.Debug|Any CPU.ActiveCfg = Debug|Any CPU
		{257BF09B-4F4A-415E-8994-AAFFAC7A5CE0}.Debug|Any CPU.Build.0 = Debug|Any CPU
		{257BF09B-4F4A-415E-8994-AAFFAC7A5CE0}.Release|Any CPU.ActiveCfg = Release|Any CPU
		{257BF09B-4F4A-415E-8994-AAFFAC7A5CE0}.Release|Any CPU.Build.0 = Release|Any CPU
		{97576E81-3A4C-4CFD-AE40-AD3D4A8AB224}.Debug|Any CPU.ActiveCfg = Debug|Any CPU
		{97576E81-3A4C-4CFD-AE40-AD3D4A8AB224}.Debug|Any CPU.Build.0 = Debug|Any CPU
		{97576E81-3A4C-4CFD-AE40-AD3D4A8AB224}.Release|Any CPU.ActiveCfg = Release|Any CPU
		{97576E81-3A4C-4CFD-AE40-AD3D4A8AB224}.Release|Any CPU.Build.0 = Release|Any CPU
		{26C6C1E5-56B3-4C24-B05B-2DB716055DC3}.Debug|Any CPU.ActiveCfg = Debug|Any CPU
		{26C6C1E5-56B3-4C24-B05B-2DB716055DC3}.Debug|Any CPU.Build.0 = Debug|Any CPU
		{26C6C1E5-56B3-4C24-B05B-2DB716055DC3}.Release|Any CPU.ActiveCfg = Release|Any CPU
		{26C6C1E5-56B3-4C24-B05B-2DB716055DC3}.Release|Any CPU.Build.0 = Release|Any CPU
		{0DCD7D86-6404-4D60-A131-732E1AD77ADA}.Debug|Any CPU.ActiveCfg = Debug|Any CPU
		{0DCD7D86-6404-4D60-A131-732E1AD77ADA}.Debug|Any CPU.Build.0 = Debug|Any CPU
		{0DCD7D86-6404-4D60-A131-732E1AD77ADA}.Release|Any CPU.ActiveCfg = Release|Any CPU
		{0DCD7D86-6404-4D60-A131-732E1AD77ADA}.Release|Any CPU.Build.0 = Release|Any CPU
		{CE09A651-E8B5-4D17-8A2B-59DDB0F09FE0}.Debug|Any CPU.ActiveCfg = Debug|Any CPU
		{CE09A651-E8B5-4D17-8A2B-59DDB0F09FE0}.Debug|Any CPU.Build.0 = Debug|Any CPU
		{CE09A651-E8B5-4D17-8A2B-59DDB0F09FE0}.Release|Any CPU.ActiveCfg = Release|Any CPU
		{CE09A651-E8B5-4D17-8A2B-59DDB0F09FE0}.Release|Any CPU.Build.0 = Release|Any CPU
		{F8ECD5C1-47AA-4758-BE64-0F97432E0C00}.Debug|Any CPU.ActiveCfg = Debug|Any CPU
		{F8ECD5C1-47AA-4758-BE64-0F97432E0C00}.Debug|Any CPU.Build.0 = Debug|Any CPU
		{F8ECD5C1-47AA-4758-BE64-0F97432E0C00}.Release|Any CPU.ActiveCfg = Release|Any CPU
		{F8ECD5C1-47AA-4758-BE64-0F97432E0C00}.Release|Any CPU.Build.0 = Release|Any CPU
		{C16C3C7C-5EED-46C8-B6AA-F7AECD65A0E5}.Debug|Any CPU.ActiveCfg = Debug|Any CPU
		{C16C3C7C-5EED-46C8-B6AA-F7AECD65A0E5}.Debug|Any CPU.Build.0 = Debug|Any CPU
		{C16C3C7C-5EED-46C8-B6AA-F7AECD65A0E5}.Release|Any CPU.ActiveCfg = Release|Any CPU
		{C16C3C7C-5EED-46C8-B6AA-F7AECD65A0E5}.Release|Any CPU.Build.0 = Release|Any CPU
		{3EF37D92-0EDF-43E3-8A6A-5009763FF4D9}.Debug|Any CPU.ActiveCfg = Debug|Any CPU
		{3EF37D92-0EDF-43E3-8A6A-5009763FF4D9}.Debug|Any CPU.Build.0 = Debug|Any CPU
		{3EF37D92-0EDF-43E3-8A6A-5009763FF4D9}.Release|Any CPU.ActiveCfg = Release|Any CPU
		{3EF37D92-0EDF-43E3-8A6A-5009763FF4D9}.Release|Any CPU.Build.0 = Release|Any CPU
		{0E0A0216-0692-413A-A7E5-37CC88DD569D}.Debug|Any CPU.ActiveCfg = Debug|Any CPU
		{0E0A0216-0692-413A-A7E5-37CC88DD569D}.Debug|Any CPU.Build.0 = Debug|Any CPU
		{0E0A0216-0692-413A-A7E5-37CC88DD569D}.Release|Any CPU.ActiveCfg = Release|Any CPU
		{0E0A0216-0692-413A-A7E5-37CC88DD569D}.Release|Any CPU.Build.0 = Release|Any CPU
		{09DA798E-BF40-4CFF-889C-6753A79B0EC0}.Debug|Any CPU.ActiveCfg = Debug|Any CPU
		{09DA798E-BF40-4CFF-889C-6753A79B0EC0}.Debug|Any CPU.Build.0 = Debug|Any CPU
		{09DA798E-BF40-4CFF-889C-6753A79B0EC0}.Release|Any CPU.ActiveCfg = Release|Any CPU
		{09DA798E-BF40-4CFF-889C-6753A79B0EC0}.Release|Any CPU.Build.0 = Release|Any CPU
		{C0C085DA-62A1-4A77-B129-389756F08A6D}.Debug|Any CPU.ActiveCfg = Debug|Any CPU
		{C0C085DA-62A1-4A77-B129-389756F08A6D}.Debug|Any CPU.Build.0 = Debug|Any CPU
		{C0C085DA-62A1-4A77-B129-389756F08A6D}.Release|Any CPU.ActiveCfg = Release|Any CPU
		{C0C085DA-62A1-4A77-B129-389756F08A6D}.Release|Any CPU.Build.0 = Release|Any CPU
		{33E8F4CD-E11B-481A-9338-21474E0425B9}.Debug|Any CPU.ActiveCfg = Debug|Any CPU
		{33E8F4CD-E11B-481A-9338-21474E0425B9}.Debug|Any CPU.Build.0 = Debug|Any CPU
		{33E8F4CD-E11B-481A-9338-21474E0425B9}.Release|Any CPU.ActiveCfg = Release|Any CPU
		{33E8F4CD-E11B-481A-9338-21474E0425B9}.Release|Any CPU.Build.0 = Release|Any CPU
		{28649BAC-3262-42BD-A61D-566AD64E1125}.Debug|Any CPU.ActiveCfg = Debug|Any CPU
		{28649BAC-3262-42BD-A61D-566AD64E1125}.Debug|Any CPU.Build.0 = Debug|Any CPU
		{28649BAC-3262-42BD-A61D-566AD64E1125}.Release|Any CPU.ActiveCfg = Release|Any CPU
		{28649BAC-3262-42BD-A61D-566AD64E1125}.Release|Any CPU.Build.0 = Release|Any CPU
		{FC80849F-A3A8-41E8-8AAD-387C3FA078E9}.Debug|Any CPU.ActiveCfg = Debug|Any CPU
		{FC80849F-A3A8-41E8-8AAD-387C3FA078E9}.Debug|Any CPU.Build.0 = Debug|Any CPU
		{FC80849F-A3A8-41E8-8AAD-387C3FA078E9}.Release|Any CPU.ActiveCfg = Release|Any CPU
		{FC80849F-A3A8-41E8-8AAD-387C3FA078E9}.Release|Any CPU.Build.0 = Release|Any CPU
		{E78C1C25-D280-4D1F-A74B-7E820B346112}.Debug|Any CPU.ActiveCfg = Debug|Any CPU
		{E78C1C25-D280-4D1F-A74B-7E820B346112}.Debug|Any CPU.Build.0 = Debug|Any CPU
		{E78C1C25-D280-4D1F-A74B-7E820B346112}.Release|Any CPU.ActiveCfg = Release|Any CPU
		{E78C1C25-D280-4D1F-A74B-7E820B346112}.Release|Any CPU.Build.0 = Release|Any CPU
		{4285B9DC-1D4C-4E8B-8A5B-DD55837F2B95}.Debug|Any CPU.ActiveCfg = Debug|Any CPU
		{4285B9DC-1D4C-4E8B-8A5B-DD55837F2B95}.Debug|Any CPU.Build.0 = Debug|Any CPU
		{4285B9DC-1D4C-4E8B-8A5B-DD55837F2B95}.Release|Any CPU.ActiveCfg = Release|Any CPU
		{4285B9DC-1D4C-4E8B-8A5B-DD55837F2B95}.Release|Any CPU.Build.0 = Release|Any CPU
	EndGlobalSection
	GlobalSection(SolutionProperties) = preSolution
		HideSolutionNode = FALSE
	EndGlobalSection
	GlobalSection(NestedProjects) = preSolution
		{362549A8-7FDD-4DD4-83AB-FE8D405FAED5} = {7FDBB2F1-329A-4A6B-89FF-BEACF30EE43F}
		{713BFE7D-9030-4282-A746-E144069EACC2} = {7FDBB2F1-329A-4A6B-89FF-BEACF30EE43F}
		{257BF09B-4F4A-415E-8994-AAFFAC7A5CE0} = {7FDBB2F1-329A-4A6B-89FF-BEACF30EE43F}
		{97576E81-3A4C-4CFD-AE40-AD3D4A8AB224} = {04689F24-1C88-4AF6-BE86-E9628722A059}
		{26C6C1E5-56B3-4C24-B05B-2DB716055DC3} = {04689F24-1C88-4AF6-BE86-E9628722A059}
		{0DCD7D86-6404-4D60-A131-732E1AD77ADA} = {04689F24-1C88-4AF6-BE86-E9628722A059}
		{CE09A651-E8B5-4D17-8A2B-59DDB0F09FE0} = {52180D5F-0B54-4594-8849-8342EB22510C}
		{F8ECD5C1-47AA-4758-BE64-0F97432E0C00} = {52180D5F-0B54-4594-8849-8342EB22510C}
		{C16C3C7C-5EED-46C8-B6AA-F7AECD65A0E5} = {52180D5F-0B54-4594-8849-8342EB22510C}
		{3EF37D92-0EDF-43E3-8A6A-5009763FF4D9} = {AE42EE90-C21B-4AD6-B7A0-CEB1B5D7AC28}
		{0E0A0216-0692-413A-A7E5-37CC88DD569D} = {AE42EE90-C21B-4AD6-B7A0-CEB1B5D7AC28}
		{09DA798E-BF40-4CFF-889C-6753A79B0EC0} = {AE42EE90-C21B-4AD6-B7A0-CEB1B5D7AC28}
		{C0C085DA-62A1-4A77-B129-389756F08A6D} = {DB159F57-DF08-46F7-8274-F2DBE4A77A77}
		{33E8F4CD-E11B-481A-9338-21474E0425B9} = {DB159F57-DF08-46F7-8274-F2DBE4A77A77}
		{28649BAC-3262-42BD-A61D-566AD64E1125} = {DB159F57-DF08-46F7-8274-F2DBE4A77A77}
		{FC80849F-A3A8-41E8-8AAD-387C3FA078E9} = {B75036C8-B622-4AE3-85F5-657247A8AE13}
		{E78C1C25-D280-4D1F-A74B-7E820B346112} = {B75036C8-B622-4AE3-85F5-657247A8AE13}
		{4285B9DC-1D4C-4E8B-8A5B-DD55837F2B95} = {B75036C8-B622-4AE3-85F5-657247A8AE13}
	EndGlobalSection
	GlobalSection(ExtensibilityGlobals) = postSolution
		SolutionGuid = {AF38B380-4D7E-4F6A-BDF2-6DA747AB0F01}
	EndGlobalSection
EndGlobal
